
Microsoft Visual Studio Solution File, Format Version 12.00
# Visual Studio Version 17
VisualStudioVersion = 17.13.35931.197
MinimumVisualStudioVersion = 10.0.40219.1
Project("{FAE04EC0-301F-11D3-BF4B-00C04F79EFBC}") = "MicroUsuarioApi", "MicroUsuarioApi\MicroUsuarioApi.csproj", "{80BD319B-9755-4EF0-917E-064C36E50DAF}"
EndProject
Project("{FAE04EC0-301F-11D3-BF4B-00C04F79EFBC}") = "Aplication", "Aplicacion\Aplication.csproj", "{F586EBEC-0FD0-4A5A-8041-3866646F67D5}"
EndProject
Project("{FAE04EC0-301F-11D3-BF4B-00C04F79EFBC}") = "Domain", "Dominio\Domain.csproj", "{77F5E8EC-02B3-4FDB-B975-D40A7773D6EA}"
EndProject
Project("{FAE04EC0-301F-11D3-BF4B-00C04F79EFBC}") = "Infrastructure", "Infrastructura\Infrastructure.csproj", "{A46B61FF-14C5-48C1-9424-BBBC66FE5100}"
EndProject
Global
	GlobalSection(SolutionConfigurationPlatforms) = preSolution
		Debug|Any CPU = Debug|Any CPU
		Release|Any CPU = Release|Any CPU
	EndGlobalSection
	GlobalSection(ProjectConfigurationPlatforms) = postSolution
		{80BD319B-9755-4EF0-917E-064C36E50DAF}.Debug|Any CPU.ActiveCfg = Debug|Any CPU
		{80BD319B-9755-4EF0-917E-064C36E50DAF}.Debug|Any CPU.Build.0 = Debug|Any CPU
		{80BD319B-9755-4EF0-917E-064C36E50DAF}.Release|Any CPU.ActiveCfg = Release|Any CPU
		{80BD319B-9755-4EF0-917E-064C36E50DAF}.Release|Any CPU.Build.0 = Release|Any CPU
		{F586EBEC-0FD0-4A5A-8041-3866646F67D5}.Debug|Any CPU.ActiveCfg = Debug|Any CPU
		{F586EBEC-0FD0-4A5A-8041-3866646F67D5}.Debug|Any CPU.Build.0 = Debug|Any CPU
		{F586EBEC-0FD0-4A5A-8041-3866646F67D5}.Release|Any CPU.ActiveCfg = Release|Any CPU
		{F586EBEC-0FD0-4A5A-8041-3866646F67D5}.Release|Any CPU.Build.0 = Release|Any CPU
		{77F5E8EC-02B3-4FDB-B975-D40A7773D6EA}.Debug|Any CPU.ActiveCfg = Debug|Any CPU
		{77F5E8EC-02B3-4FDB-B975-D40A7773D6EA}.Debug|Any CPU.Build.0 = Debug|Any CPU
		{77F5E8EC-02B3-4FDB-B975-D40A7773D6EA}.Release|Any CPU.ActiveCfg = Release|Any CPU
		{77F5E8EC-02B3-4FDB-B975-D40A7773D6EA}.Release|Any CPU.Build.0 = Release|Any CPU
		{A46B61FF-14C5-48C1-9424-BBBC66FE5100}.Debug|Any CPU.ActiveCfg = Debug|Any CPU
		{A46B61FF-14C5-48C1-9424-BBBC66FE5100}.Debug|Any CPU.Build.0 = Debug|Any CPU
		{A46B61FF-14C5-48C1-9424-BBBC66FE5100}.Release|Any CPU.ActiveCfg = Release|Any CPU
		{A46B61FF-14C5-48C1-9424-BBBC66FE5100}.Release|Any CPU.Build.0 = Release|Any CPU
	EndGlobalSection
	GlobalSection(SolutionProperties) = preSolution
		HideSolutionNode = FALSE
	EndGlobalSection
	GlobalSection(ExtensibilityGlobals) = postSolution
		SolutionGuid = {E9C0E3BF-C136-465A-AEA4-9A029126EC00}
	EndGlobalSection
EndGlobal
